// !$*UTF8*$!
{
	archiveVersion = 1;
	classes = {
	};
	objectVersion = 50;
	objects = {

/* Begin PBXBuildFile section */
		023BAA6B266F4EAD00B3BB09 /* DrawingPageViewController.swift in Sources */ = {isa = PBXBuildFile; fileRef = 023BAA6A266F4EAD00B3BB09 /* DrawingPageViewController.swift */; };
		023BAA79266F4FEA00B3BB09 /* AllScenePage.storyboard in Resources */ = {isa = PBXBuildFile; fileRef = 023BAA78266F4FEA00B3BB09 /* AllScenePage.storyboard */; };
		023BAA7B266F500400B3BB09 /* AllScenePageViewController.swift in Sources */ = {isa = PBXBuildFile; fileRef = 023BAA7A266F500400B3BB09 /* AllScenePageViewController.swift */; };
		023BAA7D266F505900B3BB09 /* Main.storyboard in Resources */ = {isa = PBXBuildFile; fileRef = 023BAA7C266F505900B3BB09 /* Main.storyboard */; };
		023BAA7F266F507300B3BB09 /* AllProjectPageViewController.swift in Sources */ = {isa = PBXBuildFile; fileRef = 023BAA7E266F507300B3BB09 /* AllProjectPageViewController.swift */; };
		023BAA89266F536A00B3BB09 /* EditSubcenePage.storyboard in Resources */ = {isa = PBXBuildFile; fileRef = 023BAA88266F536A00B3BB09 /* EditSubcenePage.storyboard */; };
		023BAA8B266F538900B3BB09 /* EditSubscenePageViewController.swift in Sources */ = {isa = PBXBuildFile; fileRef = 023BAA8A266F538900B3BB09 /* EditSubscenePageViewController.swift */; };
		023BAA95266F579E00B3BB09 /* PresentationPage.storyboard in Resources */ = {isa = PBXBuildFile; fileRef = 023BAA94266F579E00B3BB09 /* PresentationPage.storyboard */; };
		023BAA97266F57B200B3BB09 /* PresentationPageViewController.swift in Sources */ = {isa = PBXBuildFile; fileRef = 023BAA96266F57B200B3BB09 /* PresentationPageViewController.swift */; };
		023BAA99266F619100B3BB09 /* DrawingPage.storyboard in Resources */ = {isa = PBXBuildFile; fileRef = 023BAA98266F619100B3BB09 /* DrawingPage.storyboard */; };
		023BAAA1266FDBF000B3BB09 /* DataModelPresentation.swift in Sources */ = {isa = PBXBuildFile; fileRef = 023BAAA0266FDBF000B3BB09 /* DataModelPresentation.swift */; };
		023BAAA3266FDBFF00B3BB09 /* DataModelEdit.swift in Sources */ = {isa = PBXBuildFile; fileRef = 023BAAA2266FDBFF00B3BB09 /* DataModelEdit.swift */; };
		023BAAA5266FDC1000B3BB09 /* DataModelProjects.swift in Sources */ = {isa = PBXBuildFile; fileRef = 023BAAA4266FDC1000B3BB09 /* DataModelProjects.swift */; };
		2C87DA8A266A0A5A007F783E /* AppDelegate.swift in Sources */ = {isa = PBXBuildFile; fileRef = 2C87DA89266A0A5A007F783E /* AppDelegate.swift */; };
		2C87DA8C266A0A5A007F783E /* SceneDelegate.swift in Sources */ = {isa = PBXBuildFile; fileRef = 2C87DA8B266A0A5A007F783E /* SceneDelegate.swift */; };
		2C87DA8E266A0A5A007F783E /* ViewController.swift in Sources */ = {isa = PBXBuildFile; fileRef = 2C87DA8D266A0A5A007F783E /* ViewController.swift */; };
		2C87DA91266A0A5A007F783E /* Main.storyboard in Resources */ = {isa = PBXBuildFile; fileRef = 2C87DA8F266A0A5A007F783E /* Main.storyboard */; };
		2C87DA93266A0A5B007F783E /* Assets.xcassets in Resources */ = {isa = PBXBuildFile; fileRef = 2C87DA92266A0A5B007F783E /* Assets.xcassets */; };
		2C87DA96266A0A5B007F783E /* LaunchScreen.storyboard in Resources */ = {isa = PBXBuildFile; fileRef = 2C87DA94266A0A5B007F783E /* LaunchScreen.storyboard */; };
		2C87DAB3266A3203007F783E /* ModelName.swift in Sources */ = {isa = PBXBuildFile; fileRef = 2C87DAB2266A3203007F783E /* ModelName.swift */; };
		2C87DAB7266A60EC007F783E /* SF-Compact-Rounded-Bold.otf in Resources */ = {isa = PBXBuildFile; fileRef = 2C87DAB6266A60EC007F783E /* SF-Compact-Rounded-Bold.otf */; };
		2C87DABC266A667C007F783E /* ExampleTableViewCell.swift in Sources */ = {isa = PBXBuildFile; fileRef = 2C87DABA266A667C007F783E /* ExampleTableViewCell.swift */; };
		2C87DABD266A667C007F783E /* ExampleTableViewCell.xib in Resources */ = {isa = PBXBuildFile; fileRef = 2C87DABB266A667C007F783E /* ExampleTableViewCell.xib */; };
		2C87DAC2266A686F007F783E /* AppNameColor.swift in Sources */ = {isa = PBXBuildFile; fileRef = 2C87DAC1266A686F007F783E /* AppNameColor.swift */; };
		2C87DADC266A7233007F783E /* ReusableFunctionsOne.swift in Sources */ = {isa = PBXBuildFile; fileRef = 2C87DADB266A7233007F783E /* ReusableFunctionsOne.swift */; };
		2C87DAE0266A7256007F783E /* NetworkManager.swift in Sources */ = {isa = PBXBuildFile; fileRef = 2C87DADF266A7256007F783E /* NetworkManager.swift */; };
		5E20B1F3266F6CEB00882FD0 /* CoreDataManager.swift in Sources */ = {isa = PBXBuildFile; fileRef = 5E20B1F2266F6CEB00882FD0 /* CoreDataManager.swift */; };
		5E4C6459266DF384002F89CD /* BoardIt.xcdatamodeld in Sources */ = {isa = PBXBuildFile; fileRef = 5E4C6457266DF384002F89CD /* BoardIt.xcdatamodeld */; };
		5EE46C9E2671B1D50080242C /* Poppins-Light.ttf in Resources */ = {isa = PBXBuildFile; fileRef = 5EE46C8C2671B1D40080242C /* Poppins-Light.ttf */; };
		5EE46C9F2671B1D50080242C /* Poppins-ExtraLightItalic.ttf in Resources */ = {isa = PBXBuildFile; fileRef = 5EE46C8D2671B1D40080242C /* Poppins-ExtraLightItalic.ttf */; };
		5EE46CA02671B1D50080242C /* Poppins-Bold.ttf in Resources */ = {isa = PBXBuildFile; fileRef = 5EE46C8E2671B1D40080242C /* Poppins-Bold.ttf */; };
		5EE46CA12671B1D50080242C /* Poppins-LightItalic.ttf in Resources */ = {isa = PBXBuildFile; fileRef = 5EE46C8F2671B1D40080242C /* Poppins-LightItalic.ttf */; };
		5EE46CA22671B1D50080242C /* Poppins-ExtraLight.ttf in Resources */ = {isa = PBXBuildFile; fileRef = 5EE46C902671B1D40080242C /* Poppins-ExtraLight.ttf */; };
		5EE46CA32671B1D50080242C /* Poppins-ThinItalic.ttf in Resources */ = {isa = PBXBuildFile; fileRef = 5EE46C912671B1D40080242C /* Poppins-ThinItalic.ttf */; };
		5EE46CA42671B1D50080242C /* Poppins-SemiBold.ttf in Resources */ = {isa = PBXBuildFile; fileRef = 5EE46C922671B1D40080242C /* Poppins-SemiBold.ttf */; };
		5EE46CA52671B1D50080242C /* Poppins-Regular.ttf in Resources */ = {isa = PBXBuildFile; fileRef = 5EE46C932671B1D40080242C /* Poppins-Regular.ttf */; };
		5EE46CA62671B1D50080242C /* Poppins-Italic.ttf in Resources */ = {isa = PBXBuildFile; fileRef = 5EE46C942671B1D40080242C /* Poppins-Italic.ttf */; };
		5EE46CA72671B1D50080242C /* Poppins-MediumItalic.ttf in Resources */ = {isa = PBXBuildFile; fileRef = 5EE46C952671B1D40080242C /* Poppins-MediumItalic.ttf */; };
		5EE46CA82671B1D50080242C /* Poppins-BoldItalic.ttf in Resources */ = {isa = PBXBuildFile; fileRef = 5EE46C962671B1D40080242C /* Poppins-BoldItalic.ttf */; };
		5EE46CA92671B1D50080242C /* Poppins-SemiBoldItalic.ttf in Resources */ = {isa = PBXBuildFile; fileRef = 5EE46C972671B1D40080242C /* Poppins-SemiBoldItalic.ttf */; };
		5EE46CAA2671B1D50080242C /* Poppins-ExtraBold.ttf in Resources */ = {isa = PBXBuildFile; fileRef = 5EE46C982671B1D40080242C /* Poppins-ExtraBold.ttf */; };
		5EE46CAB2671B1D50080242C /* Poppins-Medium.ttf in Resources */ = {isa = PBXBuildFile; fileRef = 5EE46C992671B1D40080242C /* Poppins-Medium.ttf */; };
		5EE46CAC2671B1D50080242C /* Poppins-Black.ttf in Resources */ = {isa = PBXBuildFile; fileRef = 5EE46C9A2671B1D40080242C /* Poppins-Black.ttf */; };
		5EE46CAD2671B1D50080242C /* Poppins-ExtraBoldItalic.ttf in Resources */ = {isa = PBXBuildFile; fileRef = 5EE46C9B2671B1D40080242C /* Poppins-ExtraBoldItalic.ttf */; };
		5EE46CAE2671B1D50080242C /* Poppins-BlackItalic.ttf in Resources */ = {isa = PBXBuildFile; fileRef = 5EE46C9C2671B1D40080242C /* Poppins-BlackItalic.ttf */; };
		5EE46CAF2671B1D50080242C /* Poppins-Thin.ttf in Resources */ = {isa = PBXBuildFile; fileRef = 5EE46C9D2671B1D50080242C /* Poppins-Thin.ttf */; };
		EB169FAB2674A472005918DC /* CollectionTableViewCell.swift in Sources */ = {isa = PBXBuildFile; fileRef = EB169FA92674A472005918DC /* CollectionTableViewCell.swift */; };
		EB169FAC2674A472005918DC /* CollectionTableViewCell.xib in Resources */ = {isa = PBXBuildFile; fileRef = EB169FAA2674A472005918DC /* CollectionTableViewCell.xib */; };
		EB169FAF2674A496005918DC /* MyCollectionViewCell.swift in Sources */ = {isa = PBXBuildFile; fileRef = EB169FAD2674A496005918DC /* MyCollectionViewCell.swift */; };
		EB169FB02674A496005918DC /* MyCollectionViewCell.xib in Resources */ = {isa = PBXBuildFile; fileRef = EB169FAE2674A496005918DC /* MyCollectionViewCell.xib */; };
/* End PBXBuildFile section */

/* Begin PBXFileReference section */
		023BAA6A266F4EAD00B3BB09 /* DrawingPageViewController.swift */ = {isa = PBXFileReference; lastKnownFileType = sourcecode.swift; path = DrawingPageViewController.swift; sourceTree = "<group>"; };
		023BAA78266F4FEA00B3BB09 /* AllScenePage.storyboard */ = {isa = PBXFileReference; lastKnownFileType = file.storyboard; path = AllScenePage.storyboard; sourceTree = "<group>"; };
		023BAA7A266F500400B3BB09 /* AllScenePageViewController.swift */ = {isa = PBXFileReference; lastKnownFileType = sourcecode.swift; path = AllScenePageViewController.swift; sourceTree = "<group>"; };
		023BAA7C266F505900B3BB09 /* Main.storyboard */ = {isa = PBXFileReference; lastKnownFileType = file.storyboard; path = Main.storyboard; sourceTree = "<group>"; };
		023BAA7E266F507300B3BB09 /* AllProjectPageViewController.swift */ = {isa = PBXFileReference; lastKnownFileType = sourcecode.swift; path = AllProjectPageViewController.swift; sourceTree = "<group>"; };
		023BAA88266F536A00B3BB09 /* EditSubcenePage.storyboard */ = {isa = PBXFileReference; lastKnownFileType = file.storyboard; path = EditSubcenePage.storyboard; sourceTree = "<group>"; };
		023BAA8A266F538900B3BB09 /* EditSubscenePageViewController.swift */ = {isa = PBXFileReference; lastKnownFileType = sourcecode.swift; path = EditSubscenePageViewController.swift; sourceTree = "<group>"; };
		023BAA94266F579E00B3BB09 /* PresentationPage.storyboard */ = {isa = PBXFileReference; lastKnownFileType = file.storyboard; path = PresentationPage.storyboard; sourceTree = "<group>"; };
		023BAA96266F57B200B3BB09 /* PresentationPageViewController.swift */ = {isa = PBXFileReference; lastKnownFileType = sourcecode.swift; path = PresentationPageViewController.swift; sourceTree = "<group>"; };
		023BAA98266F619100B3BB09 /* DrawingPage.storyboard */ = {isa = PBXFileReference; lastKnownFileType = file.storyboard; path = DrawingPage.storyboard; sourceTree = "<group>"; };
		023BAAA0266FDBF000B3BB09 /* DataModelPresentation.swift */ = {isa = PBXFileReference; lastKnownFileType = sourcecode.swift; path = DataModelPresentation.swift; sourceTree = "<group>"; };
		023BAAA2266FDBFF00B3BB09 /* DataModelEdit.swift */ = {isa = PBXFileReference; lastKnownFileType = sourcecode.swift; path = DataModelEdit.swift; sourceTree = "<group>"; };
		023BAAA4266FDC1000B3BB09 /* DataModelProjects.swift */ = {isa = PBXFileReference; lastKnownFileType = sourcecode.swift; path = DataModelProjects.swift; sourceTree = "<group>"; };
		2C87DA86266A0A5A007F783E /* BoardIt.app */ = {isa = PBXFileReference; explicitFileType = wrapper.application; includeInIndex = 0; path = BoardIt.app; sourceTree = BUILT_PRODUCTS_DIR; };
		2C87DA89266A0A5A007F783E /* AppDelegate.swift */ = {isa = PBXFileReference; lastKnownFileType = sourcecode.swift; path = AppDelegate.swift; sourceTree = "<group>"; };
		2C87DA8B266A0A5A007F783E /* SceneDelegate.swift */ = {isa = PBXFileReference; lastKnownFileType = sourcecode.swift; path = SceneDelegate.swift; sourceTree = "<group>"; };
		2C87DA8D266A0A5A007F783E /* ViewController.swift */ = {isa = PBXFileReference; lastKnownFileType = sourcecode.swift; path = ViewController.swift; sourceTree = "<group>"; };
		2C87DA90266A0A5A007F783E /* Base */ = {isa = PBXFileReference; lastKnownFileType = file.storyboard; name = Base; path = Base.lproj/Main.storyboard; sourceTree = "<group>"; };
		2C87DA92266A0A5B007F783E /* Assets.xcassets */ = {isa = PBXFileReference; lastKnownFileType = folder.assetcatalog; path = Assets.xcassets; sourceTree = "<group>"; };
		2C87DA95266A0A5B007F783E /* Base */ = {isa = PBXFileReference; lastKnownFileType = file.storyboard; name = Base; path = Base.lproj/LaunchScreen.storyboard; sourceTree = "<group>"; };
		2C87DA97266A0A5B007F783E /* Info.plist */ = {isa = PBXFileReference; lastKnownFileType = text.plist.xml; path = Info.plist; sourceTree = "<group>"; };
		2C87DAB2266A3203007F783E /* ModelName.swift */ = {isa = PBXFileReference; lastKnownFileType = sourcecode.swift; path = ModelName.swift; sourceTree = "<group>"; };
		2C87DAB6266A60EC007F783E /* SF-Compact-Rounded-Bold.otf */ = {isa = PBXFileReference; lastKnownFileType = file; path = "SF-Compact-Rounded-Bold.otf"; sourceTree = "<group>"; };
		2C87DABA266A667C007F783E /* ExampleTableViewCell.swift */ = {isa = PBXFileReference; lastKnownFileType = sourcecode.swift; path = ExampleTableViewCell.swift; sourceTree = "<group>"; };
		2C87DABB266A667C007F783E /* ExampleTableViewCell.xib */ = {isa = PBXFileReference; lastKnownFileType = file.xib; path = ExampleTableViewCell.xib; sourceTree = "<group>"; };
		2C87DAC1266A686F007F783E /* AppNameColor.swift */ = {isa = PBXFileReference; lastKnownFileType = sourcecode.swift; path = AppNameColor.swift; sourceTree = "<group>"; };
		2C87DADB266A7233007F783E /* ReusableFunctionsOne.swift */ = {isa = PBXFileReference; lastKnownFileType = sourcecode.swift; path = ReusableFunctionsOne.swift; sourceTree = "<group>"; };
		2C87DADF266A7256007F783E /* NetworkManager.swift */ = {isa = PBXFileReference; lastKnownFileType = sourcecode.swift; path = NetworkManager.swift; sourceTree = "<group>"; };
		5E20B1F2266F6CEB00882FD0 /* CoreDataManager.swift */ = {isa = PBXFileReference; lastKnownFileType = sourcecode.swift; path = CoreDataManager.swift; sourceTree = "<group>"; };
		5E4C6458266DF384002F89CD /* BoardIt.xcdatamodel */ = {isa = PBXFileReference; lastKnownFileType = wrapper.xcdatamodel; path = BoardIt.xcdatamodel; sourceTree = "<group>"; };
		5EE46C8C2671B1D40080242C /* Poppins-Light.ttf */ = {isa = PBXFileReference; lastKnownFileType = file; path = "Poppins-Light.ttf"; sourceTree = "<group>"; };
		5EE46C8D2671B1D40080242C /* Poppins-ExtraLightItalic.ttf */ = {isa = PBXFileReference; lastKnownFileType = file; path = "Poppins-ExtraLightItalic.ttf"; sourceTree = "<group>"; };
		5EE46C8E2671B1D40080242C /* Poppins-Bold.ttf */ = {isa = PBXFileReference; lastKnownFileType = file; path = "Poppins-Bold.ttf"; sourceTree = "<group>"; };
		5EE46C8F2671B1D40080242C /* Poppins-LightItalic.ttf */ = {isa = PBXFileReference; lastKnownFileType = file; path = "Poppins-LightItalic.ttf"; sourceTree = "<group>"; };
		5EE46C902671B1D40080242C /* Poppins-ExtraLight.ttf */ = {isa = PBXFileReference; lastKnownFileType = file; path = "Poppins-ExtraLight.ttf"; sourceTree = "<group>"; };
		5EE46C912671B1D40080242C /* Poppins-ThinItalic.ttf */ = {isa = PBXFileReference; lastKnownFileType = file; path = "Poppins-ThinItalic.ttf"; sourceTree = "<group>"; };
		5EE46C922671B1D40080242C /* Poppins-SemiBold.ttf */ = {isa = PBXFileReference; lastKnownFileType = file; path = "Poppins-SemiBold.ttf"; sourceTree = "<group>"; };
		5EE46C932671B1D40080242C /* Poppins-Regular.ttf */ = {isa = PBXFileReference; lastKnownFileType = file; path = "Poppins-Regular.ttf"; sourceTree = "<group>"; };
		5EE46C942671B1D40080242C /* Poppins-Italic.ttf */ = {isa = PBXFileReference; lastKnownFileType = file; path = "Poppins-Italic.ttf"; sourceTree = "<group>"; };
		5EE46C952671B1D40080242C /* Poppins-MediumItalic.ttf */ = {isa = PBXFileReference; lastKnownFileType = file; path = "Poppins-MediumItalic.ttf"; sourceTree = "<group>"; };
		5EE46C962671B1D40080242C /* Poppins-BoldItalic.ttf */ = {isa = PBXFileReference; lastKnownFileType = file; path = "Poppins-BoldItalic.ttf"; sourceTree = "<group>"; };
		5EE46C972671B1D40080242C /* Poppins-SemiBoldItalic.ttf */ = {isa = PBXFileReference; lastKnownFileType = file; path = "Poppins-SemiBoldItalic.ttf"; sourceTree = "<group>"; };
		5EE46C982671B1D40080242C /* Poppins-ExtraBold.ttf */ = {isa = PBXFileReference; lastKnownFileType = file; path = "Poppins-ExtraBold.ttf"; sourceTree = "<group>"; };
		5EE46C992671B1D40080242C /* Poppins-Medium.ttf */ = {isa = PBXFileReference; lastKnownFileType = file; path = "Poppins-Medium.ttf"; sourceTree = "<group>"; };
		5EE46C9A2671B1D40080242C /* Poppins-Black.ttf */ = {isa = PBXFileReference; lastKnownFileType = file; path = "Poppins-Black.ttf"; sourceTree = "<group>"; };
		5EE46C9B2671B1D40080242C /* Poppins-ExtraBoldItalic.ttf */ = {isa = PBXFileReference; lastKnownFileType = file; path = "Poppins-ExtraBoldItalic.ttf"; sourceTree = "<group>"; };
		5EE46C9C2671B1D40080242C /* Poppins-BlackItalic.ttf */ = {isa = PBXFileReference; lastKnownFileType = file; path = "Poppins-BlackItalic.ttf"; sourceTree = "<group>"; };
		5EE46C9D2671B1D50080242C /* Poppins-Thin.ttf */ = {isa = PBXFileReference; lastKnownFileType = file; path = "Poppins-Thin.ttf"; sourceTree = "<group>"; };
		EB169FA92674A472005918DC /* CollectionTableViewCell.swift */ = {isa = PBXFileReference; lastKnownFileType = sourcecode.swift; path = CollectionTableViewCell.swift; sourceTree = "<group>"; };
		EB169FAA2674A472005918DC /* CollectionTableViewCell.xib */ = {isa = PBXFileReference; lastKnownFileType = file.xib; path = CollectionTableViewCell.xib; sourceTree = "<group>"; };
		EB169FAD2674A496005918DC /* MyCollectionViewCell.swift */ = {isa = PBXFileReference; lastKnownFileType = sourcecode.swift; path = MyCollectionViewCell.swift; sourceTree = "<group>"; };
		EB169FAE2674A496005918DC /* MyCollectionViewCell.xib */ = {isa = PBXFileReference; lastKnownFileType = file.xib; path = MyCollectionViewCell.xib; sourceTree = "<group>"; };
/* End PBXFileReference section */

/* Begin PBXFrameworksBuildPhase section */
		2C87DA83266A0A5A007F783E /* Frameworks */ = {
			isa = PBXFrameworksBuildPhase;
			buildActionMask = 2147483647;
			files = (
			);
			runOnlyForDeploymentPostprocessing = 0;
		};
/* End PBXFrameworksBuildPhase section */

/* Begin PBXGroup section */
		023BAA62266F4DED00B3BB09 /* Drawing Page */ = {
			isa = PBXGroup;
			children = (
				023BAA63266F4E0B00B3BB09 /* View */,
				023BAA64266F4E1400B3BB09 /* Controller */,
			);
			path = "Drawing Page";
			sourceTree = "<group>";
		};
		023BAA63266F4E0B00B3BB09 /* View */ = {
			isa = PBXGroup;
			children = (
				023BAA98266F619100B3BB09 /* DrawingPage.storyboard */,
			);
			path = View;
			sourceTree = "<group>";
		};
		023BAA64266F4E1400B3BB09 /* Controller */ = {
			isa = PBXGroup;
			children = (
				023BAA6A266F4EAD00B3BB09 /* DrawingPageViewController.swift */,
			);
			path = Controller;
			sourceTree = "<group>";
		};
		023BAA6E266F4EE500B3BB09 /* Projects Feature */ = {
			isa = PBXGroup;
			children = (
				023BAA9E266FDBB000B3BB09 /* Model */,
				023BAA6F266F4F0300B3BB09 /* Pages */,
			);
			path = "Projects Feature";
			sourceTree = "<group>";
		};
		023BAA6F266F4F0300B3BB09 /* Pages */ = {
			isa = PBXGroup;
			children = (
				023BAA73266F4F4E00B3BB09 /* All Scene Page */,
				023BAA72266F4F2700B3BB09 /* All Project Page */,
			);
			path = Pages;
			sourceTree = "<group>";
		};
		023BAA72266F4F2700B3BB09 /* All Project Page */ = {
			isa = PBXGroup;
			children = (
				023BAA77266F4F9500B3BB09 /* View */,
				023BAA76266F4F8600B3BB09 /* Controller */,
			);
			path = "All Project Page";
			sourceTree = "<group>";
		};
		023BAA73266F4F4E00B3BB09 /* All Scene Page */ = {
			isa = PBXGroup;
			children = (
				023BAA75266F4F6F00B3BB09 /* View */,
				023BAA74266F4F6400B3BB09 /* Controller */,
			);
			path = "All Scene Page";
			sourceTree = "<group>";
		};
		023BAA74266F4F6400B3BB09 /* Controller */ = {
			isa = PBXGroup;
			children = (
				023BAA7A266F500400B3BB09 /* AllScenePageViewController.swift */,
			);
			path = Controller;
			sourceTree = "<group>";
		};
		023BAA75266F4F6F00B3BB09 /* View */ = {
			isa = PBXGroup;
			children = (
				EB169FA82674A42C005918DC /* Collection Cell */,
				EB169FA72674A427005918DC /* Table Cell */,
				023BAA78266F4FEA00B3BB09 /* AllScenePage.storyboard */,
			);
			path = View;
			sourceTree = "<group>";
		};
		023BAA76266F4F8600B3BB09 /* Controller */ = {
			isa = PBXGroup;
			children = (
				023BAA7E266F507300B3BB09 /* AllProjectPageViewController.swift */,
			);
			path = Controller;
			sourceTree = "<group>";
		};
		023BAA77266F4F9500B3BB09 /* View */ = {
			isa = PBXGroup;
			children = (
				023BAA7C266F505900B3BB09 /* Main.storyboard */,
			);
			path = View;
			sourceTree = "<group>";
		};
		023BAA81266F515500B3BB09 /* Edit Subscene Feature */ = {
			isa = PBXGroup;
			children = (
				023BAA9C266FDBA300B3BB09 /* Model */,
				023BAA82266F527200B3BB09 /* Pages */,
			);
			path = "Edit Subscene Feature";
			sourceTree = "<group>";
		};
		023BAA82266F527200B3BB09 /* Pages */ = {
			isa = PBXGroup;
			children = (
				023BAA85266F528F00B3BB09 /* Edit Subscene Page */,
				023BAA62266F4DED00B3BB09 /* Drawing Page */,
			);
			path = Pages;
			sourceTree = "<group>";
		};
		023BAA85266F528F00B3BB09 /* Edit Subscene Page */ = {
			isa = PBXGroup;
			children = (
				023BAA87266F534E00B3BB09 /* View */,
				023BAA86266F534400B3BB09 /* Controller */,
			);
			path = "Edit Subscene Page";
			sourceTree = "<group>";
		};
		023BAA86266F534400B3BB09 /* Controller */ = {
			isa = PBXGroup;
			children = (
				023BAA8A266F538900B3BB09 /* EditSubscenePageViewController.swift */,
			);
			path = Controller;
			sourceTree = "<group>";
		};
		023BAA87266F534E00B3BB09 /* View */ = {
			isa = PBXGroup;
			children = (
				023BAA88266F536A00B3BB09 /* EditSubcenePage.storyboard */,
			);
			path = View;
			sourceTree = "<group>";
		};
		023BAA8C266F568E00B3BB09 /* Presentation Feature */ = {
			isa = PBXGroup;
			children = (
				023BAA9A266FDB9300B3BB09 /* Model */,
				023BAA8D266F56A900B3BB09 /* Pages */,
			);
			path = "Presentation Feature";
			sourceTree = "<group>";
		};
		023BAA8D266F56A900B3BB09 /* Pages */ = {
			isa = PBXGroup;
			children = (
				023BAA91266F56E100B3BB09 /* Presentation Page */,
			);
			path = Pages;
			sourceTree = "<group>";
		};
		023BAA91266F56E100B3BB09 /* Presentation Page */ = {
			isa = PBXGroup;
			children = (
				023BAA93266F571200B3BB09 /* View */,
				023BAA92266F570B00B3BB09 /* Controller */,
			);
			path = "Presentation Page";
			sourceTree = "<group>";
		};
		023BAA92266F570B00B3BB09 /* Controller */ = {
			isa = PBXGroup;
			children = (
				023BAA96266F57B200B3BB09 /* PresentationPageViewController.swift */,
			);
			path = Controller;
			sourceTree = "<group>";
		};
		023BAA93266F571200B3BB09 /* View */ = {
			isa = PBXGroup;
			children = (
				023BAA94266F579E00B3BB09 /* PresentationPage.storyboard */,
			);
			path = View;
			sourceTree = "<group>";
		};
		023BAA9A266FDB9300B3BB09 /* Model */ = {
			isa = PBXGroup;
			children = (
				023BAA9B266FDB9900B3BB09 /* DataStore */,
			);
			path = Model;
			sourceTree = "<group>";
		};
		023BAA9B266FDB9900B3BB09 /* DataStore */ = {
			isa = PBXGroup;
			children = (
				023BAAA0266FDBF000B3BB09 /* DataModelPresentation.swift */,
			);
			path = DataStore;
			sourceTree = "<group>";
		};
		023BAA9C266FDBA300B3BB09 /* Model */ = {
			isa = PBXGroup;
			children = (
				023BAA9D266FDBA700B3BB09 /* DataStore */,
			);
			path = Model;
			sourceTree = "<group>";
		};
		023BAA9D266FDBA700B3BB09 /* DataStore */ = {
			isa = PBXGroup;
			children = (
				023BAAA2266FDBFF00B3BB09 /* DataModelEdit.swift */,
			);
			path = DataStore;
			sourceTree = "<group>";
		};
		023BAA9E266FDBB000B3BB09 /* Model */ = {
			isa = PBXGroup;
			children = (
				023BAA9F266FDBB400B3BB09 /* DataStore */,
			);
			path = Model;
			sourceTree = "<group>";
		};
		023BAA9F266FDBB400B3BB09 /* DataStore */ = {
			isa = PBXGroup;
			children = (
				023BAAA4266FDC1000B3BB09 /* DataModelProjects.swift */,
			);
			path = DataStore;
			sourceTree = "<group>";
		};
		2C87DA7D266A0A5A007F783E = {
			isa = PBXGroup;
			children = (
				2C87DA88266A0A5A007F783E /* MVC-Template */,
				2C87DA87266A0A5A007F783E /* Products */,
			);
			sourceTree = "<group>";
		};
		2C87DA87266A0A5A007F783E /* Products */ = {
			isa = PBXGroup;
			children = (
				2C87DA86266A0A5A007F783E /* BoardIt.app */,
			);
			name = Products;
			sourceTree = "<group>";
		};
		2C87DA88266A0A5A007F783E /* MVC-Template */ = {
			isa = PBXGroup;
			children = (
				2C87DA9E266A0C6D007F783E /* Feature */,
				2C87DA9F266A0C72007F783E /* Themes */,
				2C87DAA0266A0C78007F783E /* Helper */,
				2C87DAA1266A0C7D007F783E /* Utilities */,
				2C87DA89266A0A5A007F783E /* AppDelegate.swift */,
				5E4C6457266DF384002F89CD /* BoardIt.xcdatamodeld */,
				2C87DA8B266A0A5A007F783E /* SceneDelegate.swift */,
				2C87DA8D266A0A5A007F783E /* ViewController.swift */,
				2C87DA8F266A0A5A007F783E /* Main.storyboard */,
				2C87DA92266A0A5B007F783E /* Assets.xcassets */,
				2C87DA94266A0A5B007F783E /* LaunchScreen.storyboard */,
				2C87DA97266A0A5B007F783E /* Info.plist */,
			);
			path = "MVC-Template";
			sourceTree = "<group>";
		};
		2C87DA9E266A0C6D007F783E /* Feature */ = {
			isa = PBXGroup;
			children = (
				023BAA8C266F568E00B3BB09 /* Presentation Feature */,
				023BAA81266F515500B3BB09 /* Edit Subscene Feature */,
				023BAA6E266F4EE500B3BB09 /* Projects Feature */,
			);
			path = Feature;
			sourceTree = "<group>";
		};
		2C87DA9F266A0C72007F783E /* Themes */ = {
			isa = PBXGroup;
			children = (
				2C87DAAC266A2861007F783E /* Colors */,
				2C87DAAD266A2866007F783E /* UI */,
				2C87DAAE266A2869007F783E /* Fonts */,
			);
			path = Themes;
			sourceTree = "<group>";
		};
		2C87DAA0266A0C78007F783E /* Helper */ = {
			isa = PBXGroup;
			children = (
				2C87DADB266A7233007F783E /* ReusableFunctionsOne.swift */,
			);
			path = Helper;
			sourceTree = "<group>";
		};
		2C87DAA1266A0C7D007F783E /* Utilities */ = {
			isa = PBXGroup;
			children = (
				2C87DAAF266A287D007F783E /* Networking */,
				2C87DAB0266A2882007F783E /* Core Data */,
			);
			path = Utilities;
			sourceTree = "<group>";
		};
		2C87DAAC266A2861007F783E /* Colors */ = {
			isa = PBXGroup;
			children = (
				2C87DAC1266A686F007F783E /* AppNameColor.swift */,
			);
			path = Colors;
			sourceTree = "<group>";
		};
		2C87DAAD266A2866007F783E /* UI */ = {
			isa = PBXGroup;
			children = (
				2C87DAB9266A663E007F783E /* ExampleViewCell */,
			);
			path = UI;
			sourceTree = "<group>";
		};
		2C87DAAE266A2869007F783E /* Fonts */ = {
			isa = PBXGroup;
			children = (
				5EE46C8B2671B1AB0080242C /* Poppins */,
				2C87DAB6266A60EC007F783E /* SF-Compact-Rounded-Bold.otf */,
			);
			path = Fonts;
			sourceTree = "<group>";
		};
		2C87DAAF266A287D007F783E /* Networking */ = {
			isa = PBXGroup;
			children = (
				2C87DADF266A7256007F783E /* NetworkManager.swift */,
			);
			path = Networking;
			sourceTree = "<group>";
		};
		2C87DAB0266A2882007F783E /* Core Data */ = {
			isa = PBXGroup;
			children = (
				2C87DAB1266A31EF007F783E /* Model */,
			);
			path = "Core Data";
			sourceTree = "<group>";
		};
		2C87DAB1266A31EF007F783E /* Model */ = {
			isa = PBXGroup;
			children = (
				2C87DAB2266A3203007F783E /* ModelName.swift */,
				5E20B1F2266F6CEB00882FD0 /* CoreDataManager.swift */,
			);
			path = Model;
			sourceTree = "<group>";
		};
		2C87DAB9266A663E007F783E /* ExampleViewCell */ = {
			isa = PBXGroup;
			children = (
				2C87DABA266A667C007F783E /* ExampleTableViewCell.swift */,
				2C87DABB266A667C007F783E /* ExampleTableViewCell.xib */,
			);
			path = ExampleViewCell;
			sourceTree = "<group>";
		};
		5EE46C8B2671B1AB0080242C /* Poppins */ = {
			isa = PBXGroup;
			children = (
				5EE46C9A2671B1D40080242C /* Poppins-Black.ttf */,
				5EE46C9C2671B1D40080242C /* Poppins-BlackItalic.ttf */,
				5EE46C8E2671B1D40080242C /* Poppins-Bold.ttf */,
				5EE46C962671B1D40080242C /* Poppins-BoldItalic.ttf */,
				5EE46C982671B1D40080242C /* Poppins-ExtraBold.ttf */,
				5EE46C9B2671B1D40080242C /* Poppins-ExtraBoldItalic.ttf */,
				5EE46C902671B1D40080242C /* Poppins-ExtraLight.ttf */,
				5EE46C8D2671B1D40080242C /* Poppins-ExtraLightItalic.ttf */,
				5EE46C942671B1D40080242C /* Poppins-Italic.ttf */,
				5EE46C8C2671B1D40080242C /* Poppins-Light.ttf */,
				5EE46C8F2671B1D40080242C /* Poppins-LightItalic.ttf */,
				5EE46C992671B1D40080242C /* Poppins-Medium.ttf */,
				5EE46C952671B1D40080242C /* Poppins-MediumItalic.ttf */,
				5EE46C932671B1D40080242C /* Poppins-Regular.ttf */,
				5EE46C922671B1D40080242C /* Poppins-SemiBold.ttf */,
				5EE46C972671B1D40080242C /* Poppins-SemiBoldItalic.ttf */,
				5EE46C9D2671B1D50080242C /* Poppins-Thin.ttf */,
				5EE46C912671B1D40080242C /* Poppins-ThinItalic.ttf */,
			);
			path = Poppins;
			sourceTree = "<group>";
		};
		EB169FA72674A427005918DC /* Table Cell */ = {
			isa = PBXGroup;
			children = (
				EB169FA92674A472005918DC /* CollectionTableViewCell.swift */,
				EB169FAA2674A472005918DC /* CollectionTableViewCell.xib */,
			);
			path = "Table Cell";
			sourceTree = "<group>";
		};
		EB169FA82674A42C005918DC /* Collection Cell */ = {
			isa = PBXGroup;
			children = (
				EB169FAD2674A496005918DC /* MyCollectionViewCell.swift */,
				EB169FAE2674A496005918DC /* MyCollectionViewCell.xib */,
			);
			path = "Collection Cell";
			sourceTree = "<group>";
		};
/* End PBXGroup section */

/* Begin PBXNativeTarget section */
		2C87DA85266A0A5A007F783E /* BoardIt */ = {
			isa = PBXNativeTarget;
			buildConfigurationList = 2C87DA9A266A0A5B007F783E /* Build configuration list for PBXNativeTarget "BoardIt" */;
			buildPhases = (
				2C87DA82266A0A5A007F783E /* Sources */,
				2C87DA83266A0A5A007F783E /* Frameworks */,
				2C87DA84266A0A5A007F783E /* Resources */,
			);
			buildRules = (
			);
			dependencies = (
			);
			name = BoardIt;
			productName = "MVC-Template";
			productReference = 2C87DA86266A0A5A007F783E /* BoardIt.app */;
			productType = "com.apple.product-type.application";
		};
/* End PBXNativeTarget section */

/* Begin PBXProject section */
		2C87DA7E266A0A5A007F783E /* Project object */ = {
			isa = PBXProject;
			attributes = {
				LastSwiftUpdateCheck = 1240;
				LastUpgradeCheck = 1240;
				TargetAttributes = {
					2C87DA85266A0A5A007F783E = {
						CreatedOnToolsVersion = 12.4;
					};
				};
			};
			buildConfigurationList = 2C87DA81266A0A5A007F783E /* Build configuration list for PBXProject "BoardIt" */;
			compatibilityVersion = "Xcode 9.3";
			developmentRegion = en;
			hasScannedForEncodings = 0;
			knownRegions = (
				en,
				Base,
			);
			mainGroup = 2C87DA7D266A0A5A007F783E;
			productRefGroup = 2C87DA87266A0A5A007F783E /* Products */;
			projectDirPath = "";
			projectRoot = "";
			targets = (
				2C87DA85266A0A5A007F783E /* BoardIt */,
			);
		};
/* End PBXProject section */

/* Begin PBXResourcesBuildPhase section */
		2C87DA84266A0A5A007F783E /* Resources */ = {
			isa = PBXResourcesBuildPhase;
			buildActionMask = 2147483647;
			files = (
				5EE46CA22671B1D50080242C /* Poppins-ExtraLight.ttf in Resources */,
				5EE46CAF2671B1D50080242C /* Poppins-Thin.ttf in Resources */,
				5EE46CA32671B1D50080242C /* Poppins-ThinItalic.ttf in Resources */,
				5EE46C9F2671B1D50080242C /* Poppins-ExtraLightItalic.ttf in Resources */,
				5EE46CA52671B1D50080242C /* Poppins-Regular.ttf in Resources */,
				5EE46CA62671B1D50080242C /* Poppins-Italic.ttf in Resources */,
				2C87DA96266A0A5B007F783E /* LaunchScreen.storyboard in Resources */,
				2C87DABD266A667C007F783E /* ExampleTableViewCell.xib in Resources */,
				023BAA99266F619100B3BB09 /* DrawingPage.storyboard in Resources */,
				023BAA95266F579E00B3BB09 /* PresentationPage.storyboard in Resources */,
				5EE46CA82671B1D50080242C /* Poppins-BoldItalic.ttf in Resources */,
				5EE46CA72671B1D50080242C /* Poppins-MediumItalic.ttf in Resources */,
				5EE46CA92671B1D50080242C /* Poppins-SemiBoldItalic.ttf in Resources */,
				023BAA7D266F505900B3BB09 /* Main.storyboard in Resources */,
				2C87DA93266A0A5B007F783E /* Assets.xcassets in Resources */,
				2C87DA91266A0A5A007F783E /* Main.storyboard in Resources */,
				5EE46CA02671B1D50080242C /* Poppins-Bold.ttf in Resources */,
				5EE46CAE2671B1D50080242C /* Poppins-BlackItalic.ttf in Resources */,
				5EE46CA12671B1D50080242C /* Poppins-LightItalic.ttf in Resources */,
				023BAA89266F536A00B3BB09 /* EditSubcenePage.storyboard in Resources */,
				EB169FB02674A496005918DC /* MyCollectionViewCell.xib in Resources */,
				5EE46CAD2671B1D50080242C /* Poppins-ExtraBoldItalic.ttf in Resources */,
				023BAA79266F4FEA00B3BB09 /* AllScenePage.storyboard in Resources */,
				5EE46C9E2671B1D50080242C /* Poppins-Light.ttf in Resources */,
				2C87DAB7266A60EC007F783E /* SF-Compact-Rounded-Bold.otf in Resources */,
				5EE46CAB2671B1D50080242C /* Poppins-Medium.ttf in Resources */,
				5EE46CA42671B1D50080242C /* Poppins-SemiBold.ttf in Resources */,
				EB169FAC2674A472005918DC /* CollectionTableViewCell.xib in Resources */,
				5EE46CAA2671B1D50080242C /* Poppins-ExtraBold.ttf in Resources */,
				5EE46CAC2671B1D50080242C /* Poppins-Black.ttf in Resources */,
			);
			runOnlyForDeploymentPostprocessing = 0;
		};
/* End PBXResourcesBuildPhase section */

/* Begin PBXSourcesBuildPhase section */
		2C87DA82266A0A5A007F783E /* Sources */ = {
			isa = PBXSourcesBuildPhase;
			buildActionMask = 2147483647;
			files = (
				2C87DAE0266A7256007F783E /* NetworkManager.swift in Sources */,
				023BAA6B266F4EAD00B3BB09 /* DrawingPageViewController.swift in Sources */,
				2C87DAB3266A3203007F783E /* ModelName.swift in Sources */,
				5E20B1F3266F6CEB00882FD0 /* CoreDataManager.swift in Sources */,
				2C87DABC266A667C007F783E /* ExampleTableViewCell.swift in Sources */,
				023BAAA1266FDBF000B3BB09 /* DataModelPresentation.swift in Sources */,
				EB169FAF2674A496005918DC /* MyCollectionViewCell.swift in Sources */,
				5E4C6459266DF384002F89CD /* BoardIt.xcdatamodeld in Sources */,
				023BAA7B266F500400B3BB09 /* AllScenePageViewController.swift in Sources */,
				023BAA8B266F538900B3BB09 /* EditSubscenePageViewController.swift in Sources */,
				023BAA97266F57B200B3BB09 /* PresentationPageViewController.swift in Sources */,
				2C87DA8E266A0A5A007F783E /* ViewController.swift in Sources */,
				2C87DADC266A7233007F783E /* ReusableFunctionsOne.swift in Sources */,
				2C87DA8A266A0A5A007F783E /* AppDelegate.swift in Sources */,
				023BAA7F266F507300B3BB09 /* AllProjectPageViewController.swift in Sources */,
				023BAAA3266FDBFF00B3BB09 /* DataModelEdit.swift in Sources */,
				2C87DA8C266A0A5A007F783E /* SceneDelegate.swift in Sources */,
				2C87DAC2266A686F007F783E /* AppNameColor.swift in Sources */,
				EB169FAB2674A472005918DC /* CollectionTableViewCell.swift in Sources */,
				023BAAA5266FDC1000B3BB09 /* DataModelProjects.swift in Sources */,
			);
			runOnlyForDeploymentPostprocessing = 0;
		};
/* End PBXSourcesBuildPhase section */

/* Begin PBXVariantGroup section */
		2C87DA8F266A0A5A007F783E /* Main.storyboard */ = {
			isa = PBXVariantGroup;
			children = (
				2C87DA90266A0A5A007F783E /* Base */,
			);
			name = Main.storyboard;
			sourceTree = "<group>";
		};
		2C87DA94266A0A5B007F783E /* LaunchScreen.storyboard */ = {
			isa = PBXVariantGroup;
			children = (
				2C87DA95266A0A5B007F783E /* Base */,
			);
			name = LaunchScreen.storyboard;
			sourceTree = "<group>";
		};
/* End PBXVariantGroup section */

/* Begin XCBuildConfiguration section */
		2C87DA98266A0A5B007F783E /* Debug */ = {
			isa = XCBuildConfiguration;
			buildSettings = {
				ALWAYS_SEARCH_USER_PATHS = NO;
				CLANG_ANALYZER_NONNULL = YES;
				CLANG_ANALYZER_NUMBER_OBJECT_CONVERSION = YES_AGGRESSIVE;
				CLANG_CXX_LANGUAGE_STANDARD = "gnu++14";
				CLANG_CXX_LIBRARY = "libc++";
				CLANG_ENABLE_MODULES = YES;
				CLANG_ENABLE_OBJC_ARC = YES;
				CLANG_ENABLE_OBJC_WEAK = YES;
				CLANG_WARN_BLOCK_CAPTURE_AUTORELEASING = YES;
				CLANG_WARN_BOOL_CONVERSION = YES;
				CLANG_WARN_COMMA = YES;
				CLANG_WARN_CONSTANT_CONVERSION = YES;
				CLANG_WARN_DEPRECATED_OBJC_IMPLEMENTATIONS = YES;
				CLANG_WARN_DIRECT_OBJC_ISA_USAGE = YES_ERROR;
				CLANG_WARN_DOCUMENTATION_COMMENTS = YES;
				CLANG_WARN_EMPTY_BODY = YES;
				CLANG_WARN_ENUM_CONVERSION = YES;
				CLANG_WARN_INFINITE_RECURSION = YES;
				CLANG_WARN_INT_CONVERSION = YES;
				CLANG_WARN_NON_LITERAL_NULL_CONVERSION = YES;
				CLANG_WARN_OBJC_IMPLICIT_RETAIN_SELF = YES;
				CLANG_WARN_OBJC_LITERAL_CONVERSION = YES;
				CLANG_WARN_OBJC_ROOT_CLASS = YES_ERROR;
				CLANG_WARN_QUOTED_INCLUDE_IN_FRAMEWORK_HEADER = YES;
				CLANG_WARN_RANGE_LOOP_ANALYSIS = YES;
				CLANG_WARN_STRICT_PROTOTYPES = YES;
				CLANG_WARN_SUSPICIOUS_MOVE = YES;
				CLANG_WARN_UNGUARDED_AVAILABILITY = YES_AGGRESSIVE;
				CLANG_WARN_UNREACHABLE_CODE = YES;
				CLANG_WARN__DUPLICATE_METHOD_MATCH = YES;
				COPY_PHASE_STRIP = NO;
				DEBUG_INFORMATION_FORMAT = dwarf;
				ENABLE_STRICT_OBJC_MSGSEND = YES;
				ENABLE_TESTABILITY = YES;
				GCC_C_LANGUAGE_STANDARD = gnu11;
				GCC_DYNAMIC_NO_PIC = NO;
				GCC_NO_COMMON_BLOCKS = YES;
				GCC_OPTIMIZATION_LEVEL = 0;
				GCC_PREPROCESSOR_DEFINITIONS = (
					"DEBUG=1",
					"$(inherited)",
				);
				GCC_WARN_64_TO_32_BIT_CONVERSION = YES;
				GCC_WARN_ABOUT_RETURN_TYPE = YES_ERROR;
				GCC_WARN_UNDECLARED_SELECTOR = YES;
				GCC_WARN_UNINITIALIZED_AUTOS = YES_AGGRESSIVE;
				GCC_WARN_UNUSED_FUNCTION = YES;
				GCC_WARN_UNUSED_VARIABLE = YES;
				IPHONEOS_DEPLOYMENT_TARGET = 14.4;
				MTL_ENABLE_DEBUG_INFO = INCLUDE_SOURCE;
				MTL_FAST_MATH = YES;
				ONLY_ACTIVE_ARCH = YES;
				SDKROOT = iphoneos;
				SWIFT_ACTIVE_COMPILATION_CONDITIONS = DEBUG;
				SWIFT_OPTIMIZATION_LEVEL = "-Onone";
			};
			name = Debug;
		};
		2C87DA99266A0A5B007F783E /* Release */ = {
			isa = XCBuildConfiguration;
			buildSettings = {
				ALWAYS_SEARCH_USER_PATHS = NO;
				CLANG_ANALYZER_NONNULL = YES;
				CLANG_ANALYZER_NUMBER_OBJECT_CONVERSION = YES_AGGRESSIVE;
				CLANG_CXX_LANGUAGE_STANDARD = "gnu++14";
				CLANG_CXX_LIBRARY = "libc++";
				CLANG_ENABLE_MODULES = YES;
				CLANG_ENABLE_OBJC_ARC = YES;
				CLANG_ENABLE_OBJC_WEAK = YES;
				CLANG_WARN_BLOCK_CAPTURE_AUTORELEASING = YES;
				CLANG_WARN_BOOL_CONVERSION = YES;
				CLANG_WARN_COMMA = YES;
				CLANG_WARN_CONSTANT_CONVERSION = YES;
				CLANG_WARN_DEPRECATED_OBJC_IMPLEMENTATIONS = YES;
				CLANG_WARN_DIRECT_OBJC_ISA_USAGE = YES_ERROR;
				CLANG_WARN_DOCUMENTATION_COMMENTS = YES;
				CLANG_WARN_EMPTY_BODY = YES;
				CLANG_WARN_ENUM_CONVERSION = YES;
				CLANG_WARN_INFINITE_RECURSION = YES;
				CLANG_WARN_INT_CONVERSION = YES;
				CLANG_WARN_NON_LITERAL_NULL_CONVERSION = YES;
				CLANG_WARN_OBJC_IMPLICIT_RETAIN_SELF = YES;
				CLANG_WARN_OBJC_LITERAL_CONVERSION = YES;
				CLANG_WARN_OBJC_ROOT_CLASS = YES_ERROR;
				CLANG_WARN_QUOTED_INCLUDE_IN_FRAMEWORK_HEADER = YES;
				CLANG_WARN_RANGE_LOOP_ANALYSIS = YES;
				CLANG_WARN_STRICT_PROTOTYPES = YES;
				CLANG_WARN_SUSPICIOUS_MOVE = YES;
				CLANG_WARN_UNGUARDED_AVAILABILITY = YES_AGGRESSIVE;
				CLANG_WARN_UNREACHABLE_CODE = YES;
				CLANG_WARN__DUPLICATE_METHOD_MATCH = YES;
				COPY_PHASE_STRIP = NO;
				DEBUG_INFORMATION_FORMAT = "dwarf-with-dsym";
				ENABLE_NS_ASSERTIONS = NO;
				ENABLE_STRICT_OBJC_MSGSEND = YES;
				GCC_C_LANGUAGE_STANDARD = gnu11;
				GCC_NO_COMMON_BLOCKS = YES;
				GCC_WARN_64_TO_32_BIT_CONVERSION = YES;
				GCC_WARN_ABOUT_RETURN_TYPE = YES_ERROR;
				GCC_WARN_UNDECLARED_SELECTOR = YES;
				GCC_WARN_UNINITIALIZED_AUTOS = YES_AGGRESSIVE;
				GCC_WARN_UNUSED_FUNCTION = YES;
				GCC_WARN_UNUSED_VARIABLE = YES;
				IPHONEOS_DEPLOYMENT_TARGET = 14.4;
				MTL_ENABLE_DEBUG_INFO = NO;
				MTL_FAST_MATH = YES;
				SDKROOT = iphoneos;
				SWIFT_COMPILATION_MODE = wholemodule;
				SWIFT_OPTIMIZATION_LEVEL = "-O";
				VALIDATE_PRODUCT = YES;
			};
			name = Release;
		};
		2C87DA9B266A0A5B007F783E /* Debug */ = {
			isa = XCBuildConfiguration;
			buildSettings = {
				ASSETCATALOG_COMPILER_APPICON_NAME = AppIcon;
				ASSETCATALOG_COMPILER_GLOBAL_ACCENT_COLOR_NAME = AccentColor;
				CODE_SIGN_STYLE = Automatic;
				DEVELOPMENT_TEAM = NZ4J9325UD;
				INFOPLIST_FILE = "MVC-Template/Info.plist";
				LD_RUNPATH_SEARCH_PATHS = (
					"$(inherited)",
					"@executable_path/Frameworks",
				);
				PRODUCT_BUNDLE_IDENTIFIER = BakOne.BoardIt;
				PRODUCT_NAME = "$(TARGET_NAME)";
				SWIFT_VERSION = 5.0;
				TARGETED_DEVICE_FAMILY = "1,2";
			};
			name = Debug;
		};
		2C87DA9C266A0A5B007F783E /* Release */ = {
			isa = XCBuildConfiguration;
			buildSettings = {
				ASSETCATALOG_COMPILER_APPICON_NAME = AppIcon;
				ASSETCATALOG_COMPILER_GLOBAL_ACCENT_COLOR_NAME = AccentColor;
				CODE_SIGN_STYLE = Automatic;
				DEVELOPMENT_TEAM = NZ4J9325UD;
				INFOPLIST_FILE = "MVC-Template/Info.plist";
				LD_RUNPATH_SEARCH_PATHS = (
					"$(inherited)",
					"@executable_path/Frameworks",
				);
				PRODUCT_BUNDLE_IDENTIFIER = BakOne.BoardIt;
				PRODUCT_NAME = "$(TARGET_NAME)";
				SWIFT_VERSION = 5.0;
				TARGETED_DEVICE_FAMILY = "1,2";
			};
			name = Release;
		};
/* End XCBuildConfiguration section */

/* Begin XCConfigurationList section */
		2C87DA81266A0A5A007F783E /* Build configuration list for PBXProject "BoardIt" */ = {
			isa = XCConfigurationList;
			buildConfigurations = (
				2C87DA98266A0A5B007F783E /* Debug */,
				2C87DA99266A0A5B007F783E /* Release */,
			);
			defaultConfigurationIsVisible = 0;
			defaultConfigurationName = Release;
		};
		2C87DA9A266A0A5B007F783E /* Build configuration list for PBXNativeTarget "BoardIt" */ = {
			isa = XCConfigurationList;
			buildConfigurations = (
				2C87DA9B266A0A5B007F783E /* Debug */,
				2C87DA9C266A0A5B007F783E /* Release */,
			);
			defaultConfigurationIsVisible = 0;
			defaultConfigurationName = Release;
		};
/* End XCConfigurationList section */

/* Begin XCVersionGroup section */
		5E4C6457266DF384002F89CD /* BoardIt.xcdatamodeld */ = {
			isa = XCVersionGroup;
			children = (
				5E4C6458266DF384002F89CD /* BoardIt.xcdatamodel */,
			);
			currentVersion = 5E4C6458266DF384002F89CD /* BoardIt.xcdatamodel */;
			path = BoardIt.xcdatamodeld;
			sourceTree = "<group>";
			versionGroupType = wrapper.xcdatamodel;
		};
/* End XCVersionGroup section */
	};
	rootObject = 2C87DA7E266A0A5A007F783E /* Project object */;
}
